// !$*UTF8*$!
{
	archiveVersion = 1;
	classes = {
	};
	objectVersion = 55;
	objects = {

/* Begin PBXBuildFile section */
		F11406A328250DA900ED2260 /* RoundTimer.swift in Sources */ = {isa = PBXBuildFile; fileRef = F11406A228250DA900ED2260 /* RoundTimer.swift */; };
		F11406A8282595BE00ED2260 /* GameState.swift in Sources */ = {isa = PBXBuildFile; fileRef = F11406A7282595BE00ED2260 /* GameState.swift */; };
		F1F05BF82823865000FDF704 /* AppDelegate.swift in Sources */ = {isa = PBXBuildFile; fileRef = F1F05BF72823865000FDF704 /* AppDelegate.swift */; };
		F1F05BFA2823865000FDF704 /* SceneDelegate.swift in Sources */ = {isa = PBXBuildFile; fileRef = F1F05BF92823865000FDF704 /* SceneDelegate.swift */; };
		F1F05C012823865200FDF704 /* Assets.xcassets in Resources */ = {isa = PBXBuildFile; fileRef = F1F05C002823865200FDF704 /* Assets.xcassets */; };
		F1F05C042823865200FDF704 /* LaunchScreen.storyboard in Resources */ = {isa = PBXBuildFile; fileRef = F1F05C022823865200FDF704 /* LaunchScreen.storyboard */; };
		F1F05C0F2823865200FDF704 /* WordGameTests.swift in Sources */ = {isa = PBXBuildFile; fileRef = F1F05C0E2823865200FDF704 /* WordGameTests.swift */; };
		F1F05C192823865200FDF704 /* WordGameUITests.swift in Sources */ = {isa = PBXBuildFile; fileRef = F1F05C182823865200FDF704 /* WordGameUITests.swift */; };
		F1F05C1B2823865200FDF704 /* WordGameUITestsLaunchTests.swift in Sources */ = {isa = PBXBuildFile; fileRef = F1F05C1A2823865200FDF704 /* WordGameUITestsLaunchTests.swift */; };
		F1F05C2A28238B9A00FDF704 /* Coordinator.swift in Sources */ = {isa = PBXBuildFile; fileRef = F1F05C2928238B9A00FDF704 /* Coordinator.swift */; };
		F1F05C2C28238BF400FDF704 /* AppCoordinator.swift in Sources */ = {isa = PBXBuildFile; fileRef = F1F05C2B28238BF400FDF704 /* AppCoordinator.swift */; };
		F1F05C2F28238C9800FDF704 /* GameCoordinator.swift in Sources */ = {isa = PBXBuildFile; fileRef = F1F05C2E28238C9800FDF704 /* GameCoordinator.swift */; };
		F1F05C3128238F6A00FDF704 /* GameViewController.swift in Sources */ = {isa = PBXBuildFile; fileRef = F1F05C3028238F6A00FDF704 /* GameViewController.swift */; };
		F1F05C34282399DE00FDF704 /* Localizable.strings in Resources */ = {isa = PBXBuildFile; fileRef = F1F05C33282399DE00FDF704 /* Localizable.strings */; };
		F1F05C3728239C3600FDF704 /* Extensions.swift in Sources */ = {isa = PBXBuildFile; fileRef = F1F05C3628239C3600FDF704 /* Extensions.swift */; };
		F1F05C3928239DA900FDF704 /* LocalizationKey.swift in Sources */ = {isa = PBXBuildFile; fileRef = F1F05C3828239DA900FDF704 /* LocalizationKey.swift */; };
		F1F05C3B2823AFC300FDF704 /* GameViewModel.swift in Sources */ = {isa = PBXBuildFile; fileRef = F1F05C3A2823AFC300FDF704 /* GameViewModel.swift */; };
		F1F05C402823B12A00FDF704 /* WordPair.swift in Sources */ = {isa = PBXBuildFile; fileRef = F1F05C3F2823B12A00FDF704 /* WordPair.swift */; };
		F1F05C422823B56700FDF704 /* words.json in Resources */ = {isa = PBXBuildFile; fileRef = F1F05C412823B56700FDF704 /* words.json */; };
		F1F05C462823B61000FDF704 /* WordPairRepositoryImpl.swift in Sources */ = {isa = PBXBuildFile; fileRef = F1F05C452823B61000FDF704 /* WordPairRepositoryImpl.swift */; };
		F1F05C492823B62500FDF704 /* WordPairRepository.swift in Sources */ = {isa = PBXBuildFile; fileRef = F1F05C482823B62500FDF704 /* WordPairRepository.swift */; };
		F1F05C4F28244FB000FDF704 /* WordPairDTO.swift in Sources */ = {isa = PBXBuildFile; fileRef = F1F05C4E28244FB000FDF704 /* WordPairDTO.swift */; };
		F1F05C532824CFDF00FDF704 /* GetRandomWordPairUseCase.swift in Sources */ = {isa = PBXBuildFile; fileRef = F1F05C522824CFDF00FDF704 /* GetRandomWordPairUseCase.swift */; };
/* End PBXBuildFile section */

/* Begin PBXContainerItemProxy section */
		F1F05C0B2823865200FDF704 /* PBXContainerItemProxy */ = {
			isa = PBXContainerItemProxy;
			containerPortal = F1F05BEC2823865000FDF704 /* Project object */;
			proxyType = 1;
			remoteGlobalIDString = F1F05BF32823865000FDF704;
			remoteInfo = WordGame;
		};
		F1F05C152823865200FDF704 /* PBXContainerItemProxy */ = {
			isa = PBXContainerItemProxy;
			containerPortal = F1F05BEC2823865000FDF704 /* Project object */;
			proxyType = 1;
			remoteGlobalIDString = F1F05BF32823865000FDF704;
			remoteInfo = WordGame;
		};
/* End PBXContainerItemProxy section */

/* Begin PBXFileReference section */
		F11406A228250DA900ED2260 /* RoundTimer.swift */ = {isa = PBXFileReference; lastKnownFileType = sourcecode.swift; path = RoundTimer.swift; sourceTree = "<group>"; };
		F11406A7282595BE00ED2260 /* GameState.swift */ = {isa = PBXFileReference; lastKnownFileType = sourcecode.swift; path = GameState.swift; sourceTree = "<group>"; };
		F1F05BF42823865000FDF704 /* WordGame.app */ = {isa = PBXFileReference; explicitFileType = wrapper.application; includeInIndex = 0; path = WordGame.app; sourceTree = BUILT_PRODUCTS_DIR; };
		F1F05BF72823865000FDF704 /* AppDelegate.swift */ = {isa = PBXFileReference; lastKnownFileType = sourcecode.swift; path = AppDelegate.swift; sourceTree = "<group>"; };
		F1F05BF92823865000FDF704 /* SceneDelegate.swift */ = {isa = PBXFileReference; lastKnownFileType = sourcecode.swift; path = SceneDelegate.swift; sourceTree = "<group>"; };
		F1F05C002823865200FDF704 /* Assets.xcassets */ = {isa = PBXFileReference; lastKnownFileType = folder.assetcatalog; path = Assets.xcassets; sourceTree = "<group>"; };
		F1F05C032823865200FDF704 /* Base */ = {isa = PBXFileReference; lastKnownFileType = file.storyboard; name = Base; path = Base.lproj/LaunchScreen.storyboard; sourceTree = "<group>"; };
		F1F05C052823865200FDF704 /* Info.plist */ = {isa = PBXFileReference; lastKnownFileType = text.plist.xml; path = Info.plist; sourceTree = "<group>"; };
		F1F05C0A2823865200FDF704 /* WordGameTests.xctest */ = {isa = PBXFileReference; explicitFileType = wrapper.cfbundle; includeInIndex = 0; path = WordGameTests.xctest; sourceTree = BUILT_PRODUCTS_DIR; };
		F1F05C0E2823865200FDF704 /* WordGameTests.swift */ = {isa = PBXFileReference; lastKnownFileType = sourcecode.swift; path = WordGameTests.swift; sourceTree = "<group>"; };
		F1F05C142823865200FDF704 /* WordGameUITests.xctest */ = {isa = PBXFileReference; explicitFileType = wrapper.cfbundle; includeInIndex = 0; path = WordGameUITests.xctest; sourceTree = BUILT_PRODUCTS_DIR; };
		F1F05C182823865200FDF704 /* WordGameUITests.swift */ = {isa = PBXFileReference; lastKnownFileType = sourcecode.swift; path = WordGameUITests.swift; sourceTree = "<group>"; };
		F1F05C1A2823865200FDF704 /* WordGameUITestsLaunchTests.swift */ = {isa = PBXFileReference; lastKnownFileType = sourcecode.swift; path = WordGameUITestsLaunchTests.swift; sourceTree = "<group>"; };
		F1F05C2928238B9A00FDF704 /* Coordinator.swift */ = {isa = PBXFileReference; lastKnownFileType = sourcecode.swift; path = Coordinator.swift; sourceTree = "<group>"; };
		F1F05C2B28238BF400FDF704 /* AppCoordinator.swift */ = {isa = PBXFileReference; lastKnownFileType = sourcecode.swift; path = AppCoordinator.swift; sourceTree = "<group>"; };
		F1F05C2E28238C9800FDF704 /* GameCoordinator.swift */ = {isa = PBXFileReference; lastKnownFileType = sourcecode.swift; path = GameCoordinator.swift; sourceTree = "<group>"; };
		F1F05C3028238F6A00FDF704 /* GameViewController.swift */ = {isa = PBXFileReference; lastKnownFileType = sourcecode.swift; path = GameViewController.swift; sourceTree = "<group>"; };
		F1F05C33282399DE00FDF704 /* Localizable.strings */ = {isa = PBXFileReference; lastKnownFileType = text.plist.strings; path = Localizable.strings; sourceTree = "<group>"; };
		F1F05C3628239C3600FDF704 /* Extensions.swift */ = {isa = PBXFileReference; lastKnownFileType = sourcecode.swift; path = Extensions.swift; sourceTree = "<group>"; };
		F1F05C3828239DA900FDF704 /* LocalizationKey.swift */ = {isa = PBXFileReference; lastKnownFileType = sourcecode.swift; path = LocalizationKey.swift; sourceTree = "<group>"; };
		F1F05C3A2823AFC300FDF704 /* GameViewModel.swift */ = {isa = PBXFileReference; lastKnownFileType = sourcecode.swift; path = GameViewModel.swift; sourceTree = "<group>"; };
		F1F05C3F2823B12A00FDF704 /* WordPair.swift */ = {isa = PBXFileReference; lastKnownFileType = sourcecode.swift; path = WordPair.swift; sourceTree = "<group>"; };
		F1F05C412823B56700FDF704 /* words.json */ = {isa = PBXFileReference; fileEncoding = 4; lastKnownFileType = text.json; path = words.json; sourceTree = "<group>"; };
		F1F05C452823B61000FDF704 /* WordPairRepositoryImpl.swift */ = {isa = PBXFileReference; lastKnownFileType = sourcecode.swift; path = WordPairRepositoryImpl.swift; sourceTree = "<group>"; };
		F1F05C482823B62500FDF704 /* WordPairRepository.swift */ = {isa = PBXFileReference; lastKnownFileType = sourcecode.swift; path = WordPairRepository.swift; sourceTree = "<group>"; };
		F1F05C4E28244FB000FDF704 /* WordPairDTO.swift */ = {isa = PBXFileReference; lastKnownFileType = sourcecode.swift; path = WordPairDTO.swift; sourceTree = "<group>"; };
		F1F05C522824CFDF00FDF704 /* GetRandomWordPairUseCase.swift */ = {isa = PBXFileReference; lastKnownFileType = sourcecode.swift; path = GetRandomWordPairUseCase.swift; sourceTree = "<group>"; };
/* End PBXFileReference section */

/* Begin PBXFrameworksBuildPhase section */
		F1F05BF12823865000FDF704 /* Frameworks */ = {
			isa = PBXFrameworksBuildPhase;
			buildActionMask = 2147483647;
			files = (
			);
			runOnlyForDeploymentPostprocessing = 0;
		};
		F1F05C072823865200FDF704 /* Frameworks */ = {
			isa = PBXFrameworksBuildPhase;
			buildActionMask = 2147483647;
			files = (
			);
			runOnlyForDeploymentPostprocessing = 0;
		};
		F1F05C112823865200FDF704 /* Frameworks */ = {
			isa = PBXFrameworksBuildPhase;
			buildActionMask = 2147483647;
			files = (
			);
			runOnlyForDeploymentPostprocessing = 0;
		};
/* End PBXFrameworksBuildPhase section */

/* Begin PBXGroup section */
		F1F05BEB2823865000FDF704 = {
			isa = PBXGroup;
			children = (
				F1F05BF62823865000FDF704 /* WordGame */,
				F1F05C0D2823865200FDF704 /* WordGameTests */,
				F1F05C172823865200FDF704 /* WordGameUITests */,
				F1F05BF52823865000FDF704 /* Products */,
			);
			sourceTree = "<group>";
		};
		F1F05BF52823865000FDF704 /* Products */ = {
			isa = PBXGroup;
			children = (
				F1F05BF42823865000FDF704 /* WordGame.app */,
				F1F05C0A2823865200FDF704 /* WordGameTests.xctest */,
				F1F05C142823865200FDF704 /* WordGameUITests.xctest */,
			);
			name = Products;
			sourceTree = "<group>";
		};
		F1F05BF62823865000FDF704 /* WordGame */ = {
			isa = PBXGroup;
			children = (
				F1F05C2828238B7900FDF704 /* Application */,
				F1F05C2728238B6400FDF704 /* Presentation */,
				F1F05C3C2823B09300FDF704 /* Domain */,
				F1F05C432823B5CE00FDF704 /* Data */,
				F1F05C3528239C2B00FDF704 /* Helpers */,
				F1F05C32282399C100FDF704 /* SupportFiles */,
				F1F05C002823865200FDF704 /* Assets.xcassets */,
				F1F05C052823865200FDF704 /* Info.plist */,
			);
			path = WordGame;
			sourceTree = "<group>";
		};
		F1F05C0D2823865200FDF704 /* WordGameTests */ = {
			isa = PBXGroup;
			children = (
				F1F05C0E2823865200FDF704 /* WordGameTests.swift */,
			);
			path = WordGameTests;
			sourceTree = "<group>";
		};
		F1F05C172823865200FDF704 /* WordGameUITests */ = {
			isa = PBXGroup;
			children = (
				F1F05C182823865200FDF704 /* WordGameUITests.swift */,
				F1F05C1A2823865200FDF704 /* WordGameUITestsLaunchTests.swift */,
			);
			path = WordGameUITests;
			sourceTree = "<group>";
		};
		F1F05C2728238B6400FDF704 /* Presentation */ = {
			isa = PBXGroup;
			children = (
				F1F05C022823865200FDF704 /* LaunchScreen.storyboard */,
				F1F05C2D28238C8800FDF704 /* Game */,
			);
			path = Presentation;
			sourceTree = "<group>";
		};
		F1F05C2828238B7900FDF704 /* Application */ = {
			isa = PBXGroup;
			children = (
				F1F05C2928238B9A00FDF704 /* Coordinator.swift */,
				F1F05C2B28238BF400FDF704 /* AppCoordinator.swift */,
				F1F05BF72823865000FDF704 /* AppDelegate.swift */,
				F1F05BF92823865000FDF704 /* SceneDelegate.swift */,
			);
			path = Application;
			sourceTree = "<group>";
		};
		F1F05C2D28238C8800FDF704 /* Game */ = {
			isa = PBXGroup;
			children = (
				F1F05C2E28238C9800FDF704 /* GameCoordinator.swift */,
				F1F05C3028238F6A00FDF704 /* GameViewController.swift */,
				F1F05C3A2823AFC300FDF704 /* GameViewModel.swift */,
			);
			path = Game;
			sourceTree = "<group>";
		};
		F1F05C32282399C100FDF704 /* SupportFiles */ = {
			isa = PBXGroup;
			children = (
				F1F05C33282399DE00FDF704 /* Localizable.strings */,
				F1F05C412823B56700FDF704 /* words.json */,
			);
			path = SupportFiles;
			sourceTree = "<group>";
		};
		F1F05C3528239C2B00FDF704 /* Helpers */ = {
			isa = PBXGroup;
			children = (
				F1F05C3628239C3600FDF704 /* Extensions.swift */,
				F1F05C3828239DA900FDF704 /* LocalizationKey.swift */,
				F11406A228250DA900ED2260 /* RoundTimer.swift */,
			);
			path = Helpers;
			sourceTree = "<group>";
		};
		F1F05C3C2823B09300FDF704 /* Domain */ = {
			isa = PBXGroup;
			children = (
				F1F05C472823B61700FDF704 /* Interfaces */,
				F1F05C3E2823B10C00FDF704 /* Entities */,
				F1F05C3D2823B10600FDF704 /* UseCases */,
			);
			path = Domain;
			sourceTree = "<group>";
		};
		F1F05C3D2823B10600FDF704 /* UseCases */ = {
			isa = PBXGroup;
			children = (
				F1F05C522824CFDF00FDF704 /* GetRandomWordPairUseCase.swift */,
			);
			path = UseCases;
			sourceTree = "<group>";
		};
		F1F05C3E2823B10C00FDF704 /* Entities */ = {
			isa = PBXGroup;
			children = (
				F1F05C3F2823B12A00FDF704 /* WordPair.swift */,
				F11406A7282595BE00ED2260 /* GameState.swift */,
			);
			path = Entities;
			sourceTree = "<group>";
		};
		F1F05C432823B5CE00FDF704 /* Data */ = {
			isa = PBXGroup;
			children = (
				F1F05C4A28244F6500FDF704 /* DTO */,
				F1F05C442823B5F500FDF704 /* Repositories */,
			);
			path = Data;
			sourceTree = "<group>";
		};
		F1F05C442823B5F500FDF704 /* Repositories */ = {
			isa = PBXGroup;
			children = (
				F1F05C452823B61000FDF704 /* WordPairRepositoryImpl.swift */,
			);
			path = Repositories;
			sourceTree = "<group>";
		};
		F1F05C472823B61700FDF704 /* Interfaces */ = {
			isa = PBXGroup;
			children = (
				F1F05C482823B62500FDF704 /* WordPairRepository.swift */,
			);
			path = Interfaces;
			sourceTree = "<group>";
		};
		F1F05C4A28244F6500FDF704 /* DTO */ = {
			isa = PBXGroup;
			children = (
				F1F05C4B28244F9800FDF704 /* Word */,
			);
			path = DTO;
			sourceTree = "<group>";
		};
		F1F05C4B28244F9800FDF704 /* Word */ = {
			isa = PBXGroup;
			children = (
				F1F05C4E28244FB000FDF704 /* WordPairDTO.swift */,
			);
			path = Word;
			sourceTree = "<group>";
		};
/* End PBXGroup section */

/* Begin PBXNativeTarget section */
		F1F05BF32823865000FDF704 /* WordGame */ = {
			isa = PBXNativeTarget;
			buildConfigurationList = F1F05C1E2823865200FDF704 /* Build configuration list for PBXNativeTarget "WordGame" */;
			buildPhases = (
				F1F05BF02823865000FDF704 /* Sources */,
				F1F05BF12823865000FDF704 /* Frameworks */,
				F1F05BF22823865000FDF704 /* Resources */,
			);
			buildRules = (
			);
			dependencies = (
			);
			name = WordGame;
			productName = WordGame;
			productReference = F1F05BF42823865000FDF704 /* WordGame.app */;
			productType = "com.apple.product-type.application";
		};
		F1F05C092823865200FDF704 /* WordGameTests */ = {
			isa = PBXNativeTarget;
			buildConfigurationList = F1F05C212823865200FDF704 /* Build configuration list for PBXNativeTarget "WordGameTests" */;
			buildPhases = (
				F1F05C062823865200FDF704 /* Sources */,
				F1F05C072823865200FDF704 /* Frameworks */,
				F1F05C082823865200FDF704 /* Resources */,
			);
			buildRules = (
			);
			dependencies = (
				F1F05C0C2823865200FDF704 /* PBXTargetDependency */,
			);
			name = WordGameTests;
			productName = WordGameTests;
			productReference = F1F05C0A2823865200FDF704 /* WordGameTests.xctest */;
			productType = "com.apple.product-type.bundle.unit-test";
		};
		F1F05C132823865200FDF704 /* WordGameUITests */ = {
			isa = PBXNativeTarget;
			buildConfigurationList = F1F05C242823865200FDF704 /* Build configuration list for PBXNativeTarget "WordGameUITests" */;
			buildPhases = (
				F1F05C102823865200FDF704 /* Sources */,
				F1F05C112823865200FDF704 /* Frameworks */,
				F1F05C122823865200FDF704 /* Resources */,
			);
			buildRules = (
			);
			dependencies = (
				F1F05C162823865200FDF704 /* PBXTargetDependency */,
			);
			name = WordGameUITests;
			productName = WordGameUITests;
			productReference = F1F05C142823865200FDF704 /* WordGameUITests.xctest */;
			productType = "com.apple.product-type.bundle.ui-testing";
		};
/* End PBXNativeTarget section */

/* Begin PBXProject section */
		F1F05BEC2823865000FDF704 /* Project object */ = {
			isa = PBXProject;
			attributes = {
				BuildIndependentTargetsInParallel = 1;
				LastSwiftUpdateCheck = 1300;
				LastUpgradeCheck = 1300;
				TargetAttributes = {
					F1F05BF32823865000FDF704 = {
						CreatedOnToolsVersion = 13.0;
					};
					F1F05C092823865200FDF704 = {
						CreatedOnToolsVersion = 13.0;
						TestTargetID = F1F05BF32823865000FDF704;
					};
					F1F05C132823865200FDF704 = {
						CreatedOnToolsVersion = 13.0;
						TestTargetID = F1F05BF32823865000FDF704;
					};
				};
			};
			buildConfigurationList = F1F05BEF2823865000FDF704 /* Build configuration list for PBXProject "WordGame" */;
			compatibilityVersion = "Xcode 13.0";
			developmentRegion = en;
			hasScannedForEncodings = 0;
			knownRegions = (
				en,
				Base,
			);
			mainGroup = F1F05BEB2823865000FDF704;
			productRefGroup = F1F05BF52823865000FDF704 /* Products */;
			projectDirPath = "";
			projectRoot = "";
			targets = (
				F1F05BF32823865000FDF704 /* WordGame */,
				F1F05C092823865200FDF704 /* WordGameTests */,
				F1F05C132823865200FDF704 /* WordGameUITests */,
			);
		};
/* End PBXProject section */

/* Begin PBXResourcesBuildPhase section */
		F1F05BF22823865000FDF704 /* Resources */ = {
			isa = PBXResourcesBuildPhase;
			buildActionMask = 2147483647;
			files = (
				F1F05C042823865200FDF704 /* LaunchScreen.storyboard in Resources */,
				F1F05C422823B56700FDF704 /* words.json in Resources */,
				F1F05C34282399DE00FDF704 /* Localizable.strings in Resources */,
				F1F05C012823865200FDF704 /* Assets.xcassets in Resources */,
			);
			runOnlyForDeploymentPostprocessing = 0;
		};
		F1F05C082823865200FDF704 /* Resources */ = {
			isa = PBXResourcesBuildPhase;
			buildActionMask = 2147483647;
			files = (
			);
			runOnlyForDeploymentPostprocessing = 0;
		};
		F1F05C122823865200FDF704 /* Resources */ = {
			isa = PBXResourcesBuildPhase;
			buildActionMask = 2147483647;
			files = (
			);
			runOnlyForDeploymentPostprocessing = 0;
		};
/* End PBXResourcesBuildPhase section */

/* Begin PBXSourcesBuildPhase section */
		F1F05BF02823865000FDF704 /* Sources */ = {
			isa = PBXSourcesBuildPhase;
			buildActionMask = 2147483647;
			files = (
				F1F05C3B2823AFC300FDF704 /* GameViewModel.swift in Sources */,
				F1F05C4F28244FB000FDF704 /* WordPairDTO.swift in Sources */,
				F1F05C402823B12A00FDF704 /* WordPair.swift in Sources */,
				F1F05C3128238F6A00FDF704 /* GameViewController.swift in Sources */,
				F1F05C2F28238C9800FDF704 /* GameCoordinator.swift in Sources */,
				F11406A8282595BE00ED2260 /* GameState.swift in Sources */,
				F1F05C3928239DA900FDF704 /* LocalizationKey.swift in Sources */,
				F1F05C2A28238B9A00FDF704 /* Coordinator.swift in Sources */,
				F1F05C2C28238BF400FDF704 /* AppCoordinator.swift in Sources */,
				F1F05C492823B62500FDF704 /* WordPairRepository.swift in Sources */,
				F1F05C532824CFDF00FDF704 /* GetRandomWordPairUseCase.swift in Sources */,
				F1F05BF82823865000FDF704 /* AppDelegate.swift in Sources */,
				F1F05C462823B61000FDF704 /* WordPairRepositoryImpl.swift in Sources */,
				F1F05BFA2823865000FDF704 /* SceneDelegate.swift in Sources */,
				F1F05C3728239C3600FDF704 /* Extensions.swift in Sources */,
				F11406A328250DA900ED2260 /* RoundTimer.swift in Sources */,
			);
			runOnlyForDeploymentPostprocessing = 0;
		};
		F1F05C062823865200FDF704 /* Sources */ = {
			isa = PBXSourcesBuildPhase;
			buildActionMask = 2147483647;
			files = (
				F1F05C0F2823865200FDF704 /* WordGameTests.swift in Sources */,
			);
			runOnlyForDeploymentPostprocessing = 0;
		};
		F1F05C102823865200FDF704 /* Sources */ = {
			isa = PBXSourcesBuildPhase;
			buildActionMask = 2147483647;
			files = (
				F1F05C1B2823865200FDF704 /* WordGameUITestsLaunchTests.swift in Sources */,
				F1F05C192823865200FDF704 /* WordGameUITests.swift in Sources */,
			);
			runOnlyForDeploymentPostprocessing = 0;
		};
/* End PBXSourcesBuildPhase section */

/* Begin PBXTargetDependency section */
		F1F05C0C2823865200FDF704 /* PBXTargetDependency */ = {
			isa = PBXTargetDependency;
			target = F1F05BF32823865000FDF704 /* WordGame */;
			targetProxy = F1F05C0B2823865200FDF704 /* PBXContainerItemProxy */;
		};
		F1F05C162823865200FDF704 /* PBXTargetDependency */ = {
			isa = PBXTargetDependency;
			target = F1F05BF32823865000FDF704 /* WordGame */;
			targetProxy = F1F05C152823865200FDF704 /* PBXContainerItemProxy */;
		};
/* End PBXTargetDependency section */

/* Begin PBXVariantGroup section */
		F1F05C022823865200FDF704 /* LaunchScreen.storyboard */ = {
			isa = PBXVariantGroup;
			children = (
				F1F05C032823865200FDF704 /* Base */,
			);
			name = LaunchScreen.storyboard;
			sourceTree = "<group>";
		};
/* End PBXVariantGroup section */

/* Begin XCBuildConfiguration section */
		F1F05C1C2823865200FDF704 /* Debug */ = {
			isa = XCBuildConfiguration;
			buildSettings = {
				ALWAYS_SEARCH_USER_PATHS = NO;
				CLANG_ANALYZER_NONNULL = YES;
				CLANG_ANALYZER_NUMBER_OBJECT_CONVERSION = YES_AGGRESSIVE;
				CLANG_CXX_LANGUAGE_STANDARD = "gnu++17";
				CLANG_CXX_LIBRARY = "libc++";
				CLANG_ENABLE_MODULES = YES;
				CLANG_ENABLE_OBJC_ARC = YES;
				CLANG_ENABLE_OBJC_WEAK = YES;
				CLANG_WARN_BLOCK_CAPTURE_AUTORELEASING = YES;
				CLANG_WARN_BOOL_CONVERSION = YES;
				CLANG_WARN_COMMA = YES;
				CLANG_WARN_CONSTANT_CONVERSION = YES;
				CLANG_WARN_DEPRECATED_OBJC_IMPLEMENTATIONS = YES;
				CLANG_WARN_DIRECT_OBJC_ISA_USAGE = YES_ERROR;
				CLANG_WARN_DOCUMENTATION_COMMENTS = YES;
				CLANG_WARN_EMPTY_BODY = YES;
				CLANG_WARN_ENUM_CONVERSION = YES;
				CLANG_WARN_INFINITE_RECURSION = YES;
				CLANG_WARN_INT_CONVERSION = YES;
				CLANG_WARN_NON_LITERAL_NULL_CONVERSION = YES;
				CLANG_WARN_OBJC_IMPLICIT_RETAIN_SELF = YES;
				CLANG_WARN_OBJC_LITERAL_CONVERSION = YES;
				CLANG_WARN_OBJC_ROOT_CLASS = YES_ERROR;
				CLANG_WARN_QUOTED_INCLUDE_IN_FRAMEWORK_HEADER = YES;
				CLANG_WARN_RANGE_LOOP_ANALYSIS = YES;
				CLANG_WARN_STRICT_PROTOTYPES = YES;
				CLANG_WARN_SUSPICIOUS_MOVE = YES;
				CLANG_WARN_UNGUARDED_AVAILABILITY = YES_AGGRESSIVE;
				CLANG_WARN_UNREACHABLE_CODE = YES;
				CLANG_WARN__DUPLICATE_METHOD_MATCH = YES;
				COPY_PHASE_STRIP = NO;
				DEBUG_INFORMATION_FORMAT = dwarf;
				ENABLE_STRICT_OBJC_MSGSEND = YES;
				ENABLE_TESTABILITY = YES;
				GCC_C_LANGUAGE_STANDARD = gnu11;
				GCC_DYNAMIC_NO_PIC = NO;
				GCC_NO_COMMON_BLOCKS = YES;
				GCC_OPTIMIZATION_LEVEL = 0;
				GCC_PREPROCESSOR_DEFINITIONS = (
					"DEBUG=1",
					"$(inherited)",
				);
				GCC_WARN_64_TO_32_BIT_CONVERSION = YES;
				GCC_WARN_ABOUT_RETURN_TYPE = YES_ERROR;
				GCC_WARN_UNDECLARED_SELECTOR = YES;
				GCC_WARN_UNINITIALIZED_AUTOS = YES_AGGRESSIVE;
				GCC_WARN_UNUSED_FUNCTION = YES;
				GCC_WARN_UNUSED_VARIABLE = YES;
				IPHONEOS_DEPLOYMENT_TARGET = 15.0;
				MTL_ENABLE_DEBUG_INFO = INCLUDE_SOURCE;
				MTL_FAST_MATH = YES;
				ONLY_ACTIVE_ARCH = YES;
				SDKROOT = iphoneos;
				SWIFT_ACTIVE_COMPILATION_CONDITIONS = DEBUG;
				SWIFT_OPTIMIZATION_LEVEL = "-Onone";
			};
			name = Debug;
		};
		F1F05C1D2823865200FDF704 /* Release */ = {
			isa = XCBuildConfiguration;
			buildSettings = {
				ALWAYS_SEARCH_USER_PATHS = NO;
				CLANG_ANALYZER_NONNULL = YES;
				CLANG_ANALYZER_NUMBER_OBJECT_CONVERSION = YES_AGGRESSIVE;
				CLANG_CXX_LANGUAGE_STANDARD = "gnu++17";
				CLANG_CXX_LIBRARY = "libc++";
				CLANG_ENABLE_MODULES = YES;
				CLANG_ENABLE_OBJC_ARC = YES;
				CLANG_ENABLE_OBJC_WEAK = YES;
				CLANG_WARN_BLOCK_CAPTURE_AUTORELEASING = YES;
				CLANG_WARN_BOOL_CONVERSION = YES;
				CLANG_WARN_COMMA = YES;
				CLANG_WARN_CONSTANT_CONVERSION = YES;
				CLANG_WARN_DEPRECATED_OBJC_IMPLEMENTATIONS = YES;
				CLANG_WARN_DIRECT_OBJC_ISA_USAGE = YES_ERROR;
				CLANG_WARN_DOCUMENTATION_COMMENTS = YES;
				CLANG_WARN_EMPTY_BODY = YES;
				CLANG_WARN_ENUM_CONVERSION = YES;
				CLANG_WARN_INFINITE_RECURSION = YES;
				CLANG_WARN_INT_CONVERSION = YES;
				CLANG_WARN_NON_LITERAL_NULL_CONVERSION = YES;
				CLANG_WARN_OBJC_IMPLICIT_RETAIN_SELF = YES;
				CLANG_WARN_OBJC_LITERAL_CONVERSION = YES;
				CLANG_WARN_OBJC_ROOT_CLASS = YES_ERROR;
				CLANG_WARN_QUOTED_INCLUDE_IN_FRAMEWORK_HEADER = YES;
				CLANG_WARN_RANGE_LOOP_ANALYSIS = YES;
				CLANG_WARN_STRICT_PROTOTYPES = YES;
				CLANG_WARN_SUSPICIOUS_MOVE = YES;
				CLANG_WARN_UNGUARDED_AVAILABILITY = YES_AGGRESSIVE;
				CLANG_WARN_UNREACHABLE_CODE = YES;
				CLANG_WARN__DUPLICATE_METHOD_MATCH = YES;
				COPY_PHASE_STRIP = NO;
				DEBUG_INFORMATION_FORMAT = "dwarf-with-dsym";
				ENABLE_NS_ASSERTIONS = NO;
				ENABLE_STRICT_OBJC_MSGSEND = YES;
				GCC_C_LANGUAGE_STANDARD = gnu11;
				GCC_NO_COMMON_BLOCKS = YES;
				GCC_WARN_64_TO_32_BIT_CONVERSION = YES;
				GCC_WARN_ABOUT_RETURN_TYPE = YES_ERROR;
				GCC_WARN_UNDECLARED_SELECTOR = YES;
				GCC_WARN_UNINITIALIZED_AUTOS = YES_AGGRESSIVE;
				GCC_WARN_UNUSED_FUNCTION = YES;
				GCC_WARN_UNUSED_VARIABLE = YES;
				IPHONEOS_DEPLOYMENT_TARGET = 15.0;
				MTL_ENABLE_DEBUG_INFO = NO;
				MTL_FAST_MATH = YES;
				SDKROOT = iphoneos;
				SWIFT_COMPILATION_MODE = wholemodule;
				SWIFT_OPTIMIZATION_LEVEL = "-O";
				VALIDATE_PRODUCT = YES;
			};
			name = Release;
		};
		F1F05C1F2823865200FDF704 /* Debug */ = {
			isa = XCBuildConfiguration;
			buildSettings = {
				ASSETCATALOG_COMPILER_APPICON_NAME = AppIcon;
				ASSETCATALOG_COMPILER_GLOBAL_ACCENT_COLOR_NAME = AccentColor;
				CODE_SIGN_STYLE = Automatic;
				CURRENT_PROJECT_VERSION = 1;
				GENERATE_INFOPLIST_FILE = YES;
				INFOPLIST_FILE = WordGame/Info.plist;
				INFOPLIST_KEY_UIApplicationSupportsIndirectInputEvents = YES;
				INFOPLIST_KEY_UILaunchStoryboardName = LaunchScreen;
				INFOPLIST_KEY_UISupportedInterfaceOrientations = UIInterfaceOrientationPortrait;
				INFOPLIST_KEY_UISupportedInterfaceOrientations_iPad = "UIInterfaceOrientationPortrait UIInterfaceOrientationPortraitUpsideDown UIInterfaceOrientationLandscapeLeft UIInterfaceOrientationLandscapeRight";
				INFOPLIST_KEY_UISupportedInterfaceOrientations_iPhone = "UIInterfaceOrientationPortrait UIInterfaceOrientationLandscapeLeft UIInterfaceOrientationLandscapeRight";
				LD_RUNPATH_SEARCH_PATHS = (
					"$(inherited)",
					"@executable_path/Frameworks",
				);
				MARKETING_VERSION = 1.0;
				PRODUCT_BUNDLE_IDENTIFIER = com.joelkingsler.WordGame;
				PRODUCT_NAME = "$(TARGET_NAME)";
				SWIFT_EMIT_LOC_STRINGS = YES;
				SWIFT_VERSION = 5.0;
				TARGETED_DEVICE_FAMILY = "1,2";
			};
			name = Debug;
		};
		F1F05C202823865200FDF704 /* Release */ = {
			isa = XCBuildConfiguration;
			buildSettings = {
				ASSETCATALOG_COMPILER_APPICON_NAME = AppIcon;
				ASSETCATALOG_COMPILER_GLOBAL_ACCENT_COLOR_NAME = AccentColor;
				CODE_SIGN_STYLE = Automatic;
				CURRENT_PROJECT_VERSION = 1;
				GENERATE_INFOPLIST_FILE = YES;
				INFOPLIST_FILE = WordGame/Info.plist;
				INFOPLIST_KEY_UIApplicationSupportsIndirectInputEvents = YES;
				INFOPLIST_KEY_UILaunchStoryboardName = LaunchScreen;
				INFOPLIST_KEY_UISupportedInterfaceOrientations = UIInterfaceOrientationPortrait;
				INFOPLIST_KEY_UISupportedInterfaceOrientations_iPad = "UIInterfaceOrientationPortrait UIInterfaceOrientationPortraitUpsideDown UIInterfaceOrientationLandscapeLeft UIInterfaceOrientationLandscapeRight";
				INFOPLIST_KEY_UISupportedInterfaceOrientations_iPhone = "UIInterfaceOrientationPortrait UIInterfaceOrientationLandscapeLeft UIInterfaceOrientationLandscapeRight";
				LD_RUNPATH_SEARCH_PATHS = (
					"$(inherited)",
					"@executable_path/Frameworks",
				);
				MARKETING_VERSION = 1.0;
				PRODUCT_BUNDLE_IDENTIFIER = com.joelkingsler.WordGame;
				PRODUCT_NAME = "$(TARGET_NAME)";
				SWIFT_EMIT_LOC_STRINGS = YES;
				SWIFT_VERSION = 5.0;
				TARGETED_DEVICE_FAMILY = "1,2";
			};
			name = Release;
		};
		F1F05C222823865200FDF704 /* Debug */ = {
			isa = XCBuildConfiguration;
			buildSettings = {
				ALWAYS_EMBED_SWIFT_STANDARD_LIBRARIES = YES;
				BUNDLE_LOADER = "$(TEST_HOST)";
				CODE_SIGN_STYLE = Automatic;
				CURRENT_PROJECT_VERSION = 1;
				GENERATE_INFOPLIST_FILE = YES;
				IPHONEOS_DEPLOYMENT_TARGET = 15.0;
				LD_RUNPATH_SEARCH_PATHS = (
					"$(inherited)",
					"@executable_path/Frameworks",
					"@loader_path/Frameworks",
				);
				MARKETING_VERSION = 1.0;
				PRODUCT_BUNDLE_IDENTIFIER = com.joelkingsler.WordGameTests;
				PRODUCT_NAME = "$(TARGET_NAME)";
				SWIFT_EMIT_LOC_STRINGS = NO;
				SWIFT_VERSION = 5.0;
				TARGETED_DEVICE_FAMILY = "1,2";
				TEST_HOST = "$(BUILT_PRODUCTS_DIR)/WordGame.app/WordGame";
			};
			name = Debug;
		};
		F1F05C232823865200FDF704 /* Release */ = {
			isa = XCBuildConfiguration;
			buildSettings = {
				ALWAYS_EMBED_SWIFT_STANDARD_LIBRARIES = YES;
				BUNDLE_LOADER = "$(TEST_HOST)";
				CODE_SIGN_STYLE = Automatic;
				CURRENT_PROJECT_VERSION = 1;
				GENERATE_INFOPLIST_FILE = YES;
				IPHONEOS_DEPLOYMENT_TARGET = 15.0;
				LD_RUNPATH_SEARCH_PATHS = (
					"$(inherited)",
					"@executable_path/Frameworks",
					"@loader_path/Frameworks",
				);
				MARKETING_VERSION = 1.0;
				PRODUCT_BUNDLE_IDENTIFIER = com.joelkingsler.WordGameTests;
				PRODUCT_NAME = "$(TARGET_NAME)";
				SWIFT_EMIT_LOC_STRINGS = NO;
				SWIFT_VERSION = 5.0;
				TARGETED_DEVICE_FAMILY = "1,2";
				TEST_HOST = "$(BUILT_PRODUCTS_DIR)/WordGame.app/WordGame";
			};
			name = Release;
		};
		F1F05C252823865200FDF704 /* Debug */ = {
			isa = XCBuildConfiguration;
			buildSettings = {
				ALWAYS_EMBED_SWIFT_STANDARD_LIBRARIES = YES;
				CODE_SIGN_STYLE = Automatic;
				CURRENT_PROJECT_VERSION = 1;
				GENERATE_INFOPLIST_FILE = YES;
				LD_RUNPATH_SEARCH_PATHS = (
					"$(inherited)",
					"@executable_path/Frameworks",
					"@loader_path/Frameworks",
				);
				MARKETING_VERSION = 1.0;
				PRODUCT_BUNDLE_IDENTIFIER = com.joelkingsler.WordGameUITests;
				PRODUCT_NAME = "$(TARGET_NAME)";
				SWIFT_EMIT_LOC_STRINGS = NO;
				SWIFT_VERSION = 5.0;
				TARGETED_DEVICE_FAMILY = "1,2";
				TEST_TARGET_NAME = WordGame;
			};
			name = Debug;
		};
		F1F05C262823865200FDF704 /* Release */ = {
			isa = XCBuildConfiguration;
			buildSettings = {
				ALWAYS_EMBED_SWIFT_STANDARD_LIBRARIES = YES;
				CODE_SIGN_STYLE = Automatic;
				CURRENT_PROJECT_VERSION = 1;
				GENERATE_INFOPLIST_FILE = YES;
				LD_RUNPATH_SEARCH_PATHS = (
					"$(inherited)",
					"@executable_path/Frameworks",
					"@loader_path/Frameworks",
				);
				MARKETING_VERSION = 1.0;
				PRODUCT_BUNDLE_IDENTIFIER = com.joelkingsler.WordGameUITests;
				PRODUCT_NAME = "$(TARGET_NAME)";
				SWIFT_EMIT_LOC_STRINGS = NO;
				SWIFT_VERSION = 5.0;
				TARGETED_DEVICE_FAMILY = "1,2";
				TEST_TARGET_NAME = WordGame;
			};
			name = Release;
		};
/* End XCBuildConfiguration section */

/* Begin XCConfigurationList section */
		F1F05BEF2823865000FDF704 /* Build configuration list for PBXProject "WordGame" */ = {
			isa = XCConfigurationList;
			buildConfigurations = (
				F1F05C1C2823865200FDF704 /* Debug */,
				F1F05C1D2823865200FDF704 /* Release */,
			);
			defaultConfigurationIsVisible = 0;
			defaultConfigurationName = Release;
		};
		F1F05C1E2823865200FDF704 /* Build configuration list for PBXNativeTarget "WordGame" */ = {
			isa = XCConfigurationList;
			buildConfigurations = (
				F1F05C1F2823865200FDF704 /* Debug */,
				F1F05C202823865200FDF704 /* Release */,
			);
			defaultConfigurationIsVisible = 0;
			defaultConfigurationName = Release;
		};
		F1F05C212823865200FDF704 /* Build configuration list for PBXNativeTarget "WordGameTests" */ = {
			isa = XCConfigurationList;
			buildConfigurations = (
				F1F05C222823865200FDF704 /* Debug */,
				F1F05C232823865200FDF704 /* Release */,
			);
			defaultConfigurationIsVisible = 0;
			defaultConfigurationName = Release;
		};
		F1F05C242823865200FDF704 /* Build configuration list for PBXNativeTarget "WordGameUITests" */ = {
			isa = XCConfigurationList;
			buildConfigurations = (
				F1F05C252823865200FDF704 /* Debug */,
				F1F05C262823865200FDF704 /* Release */,
			);
			defaultConfigurationIsVisible = 0;
			defaultConfigurationName = Release;
		};
/* End XCConfigurationList section */
	};
	rootObject = F1F05BEC2823865000FDF704 /* Project object */;
}
